Microsoft Visual Studio Solution File, Format Version 11.00
# Visual Studio 2010
Project("{F184B08F-C81C-45F6-A57F-5ABD9991F28F}") = "WPFEditorsFocusBorder", "WPFEditorsFocusBorder\WPFEditorsFocusBorder.vbproj", "{CCFFBBA0-2ACB-47D8-B7AD-5E13215C8C00}"
EndProject
Global
	GlobalSection(SolutionConfigurationPlatforms) = preSolution
		Debug|x86 = Debug|x86
		Release|x86 = Release|x86
	EndGlobalSection
	GlobalSection(ProjectConfigurationPlatforms) = postSolution
		{CCFFBBA0-2ACB-47D8-B7AD-5E13215C8C00}.Debug|x86.ActiveCfg = Debug|x86
		{CCFFBBA0-2ACB-47D8-B7AD-5E13215C8C00}.Debug|x86.Build.0 = Debug|x86
		{CCFFBBA0-2ACB-47D8-B7AD-5E13215C8C00}.Release|x86.ActiveCfg = Release|x86
		{CCFFBBA0-2ACB-47D8-B7AD-5E13215C8C00}.Release|x86.Build.0 = Release|x86
	EndGlobalSection
	GlobalSection(SolutionProperties) = preSolution
		HideSolutionNode = FALSE
	EndGlobalSection
EndGlobal
